
Microsoft Visual Studio Solution File, Format Version 12.00
# Visual Studio Version 17
VisualStudioVersion = 17.4.33103.184
MinimumVisualStudioVersion = 10.0.40219.1
Project("{9A19103F-16F7-4668-BE54-9A1E7A4F7556}") = "HaloInfiniteResearchTools", "HaloInfiniteResearchTools.csproj", "{92311F78-C36F-42A2-8223-54A65DBBFC4E}"
EndProject
Project("{9A19103F-16F7-4668-BE54-9A1E7A4F7556}") = "Oodle", "..\Oodle\Oodle.csproj", "{C61C0371-2F84-4933-B653-B424BAC45A65}"
EndProject
Project("{9A19103F-16F7-4668-BE54-9A1E7A4F7556}") = "LibHIRT", "..\LibHIRT\LibHIRT.csproj", "{2AB678F5-2369-4A24-80E8-19EEDE286360}"
EndProject
Global
	GlobalSection(SolutionConfigurationPlatforms) = preSolution
		Debug|Any CPU = Debug|Any CPU
		Debug|x64 = Debug|x64
		Release|Any CPU = Release|Any CPU
		Release|x64 = Release|x64
	EndGlobalSection
	GlobalSection(ProjectConfigurationPlatforms) = postSolution
		{92311F78-C36F-42A2-8223-54A65DBBFC4E}.Debug|Any CPU.ActiveCfg = Debug|Any CPU
		{92311F78-C36F-42A2-8223-54A65DBBFC4E}.Debug|Any CPU.Build.0 = Debug|Any CPU
		{92311F78-C36F-42A2-8223-54A65DBBFC4E}.Debug|x64.ActiveCfg = Debug|Any CPU
		{92311F78-C36F-42A2-8223-54A65DBBFC4E}.Debug|x64.Build.0 = Debug|Any CPU
		{92311F78-C36F-42A2-8223-54A65DBBFC4E}.Release|Any CPU.ActiveCfg = Release|Any CPU
		{92311F78-C36F-42A2-8223-54A65DBBFC4E}.Release|Any CPU.Build.0 = Release|Any CPU
		{92311F78-C36F-42A2-8223-54A65DBBFC4E}.Release|x64.ActiveCfg = Release|x64
		{92311F78-C36F-42A2-8223-54A65DBBFC4E}.Release|x64.Build.0 = Release|x64
		{C61C0371-2F84-4933-B653-B424BAC45A65}.Debug|Any CPU.ActiveCfg = Debug|Any CPU
		{C61C0371-2F84-4933-B653-B424BAC45A65}.Debug|Any CPU.Build.0 = Debug|Any CPU
		{C61C0371-2F84-4933-B653-B424BAC45A65}.Debug|x64.ActiveCfg = Debug|x64
		{C61C0371-2F84-4933-B653-B424BAC45A65}.Debug|x64.Build.0 = Debug|x64
		{C61C0371-2F84-4933-B653-B424BAC45A65}.Release|Any CPU.ActiveCfg = Release|x64
		{C61C0371-2F84-4933-B653-B424BAC45A65}.Release|Any CPU.Build.0 = Release|x64
		{C61C0371-2F84-4933-B653-B424BAC45A65}.Release|x64.ActiveCfg = Release|x64
		{C61C0371-2F84-4933-B653-B424BAC45A65}.Release|x64.Build.0 = Release|x64
		{2AB678F5-2369-4A24-80E8-19EEDE286360}.Debug|Any CPU.ActiveCfg = Debug|Any CPU
		{2AB678F5-2369-4A24-80E8-19EEDE286360}.Debug|Any CPU.Build.0 = Debug|Any CPU
		{2AB678F5-2369-4A24-80E8-19EEDE286360}.Debug|x64.ActiveCfg = Debug|x64
		{2AB678F5-2369-4A24-80E8-19EEDE286360}.Debug|x64.Build.0 = Debug|x64
		{2AB678F5-2369-4A24-80E8-19EEDE286360}.Release|Any CPU.ActiveCfg = Release|x64
		{2AB678F5-2369-4A24-80E8-19EEDE286360}.Release|Any CPU.Build.0 = Release|x64
		{2AB678F5-2369-4A24-80E8-19EEDE286360}.Release|x64.ActiveCfg = Release|x64
		{2AB678F5-2369-4A24-80E8-19EEDE286360}.Release|x64.Build.0 = Release|x64
	EndGlobalSection
	GlobalSection(SolutionProperties) = preSolution
		HideSolutionNode = FALSE
	EndGlobalSection
	GlobalSection(ExtensibilityGlobals) = postSolution
		SolutionGuid = {4FC05425-FF8D-49DE-9499-40DD49667FBE}
	EndGlobalSection
EndGlobal
